
Microsoft Visual Studio Solution File, Format Version 12.00
# Visual Studio Version 16
VisualStudioVersion = 16.0.29905.134
MinimumVisualStudioVersion = 10.0.40219.1
Project("{FAE04EC0-301F-11D3-BF4B-00C04F79EFBC}") = "NancyTest", "NancyTest\NancyTest.csproj", "{AE954939-40EB-481E-BAFD-70DD2E4ACD75}"
EndProject
Project("{FAE04EC0-301F-11D3-BF4B-00C04F79EFBC}") = "DonneesTest", "DonneesTest\DonneesTest.csproj", "{B573A267-B3DF-483E-9319-5668676785CA}"
EndProject
Global
	GlobalSection(SolutionConfigurationPlatforms) = preSolution
		Debug|Any CPU = Debug|Any CPU
		Release|Any CPU = Release|Any CPU
	EndGlobalSection
	GlobalSection(ProjectConfigurationPlatforms) = postSolution
		{AE954939-40EB-481E-BAFD-70DD2E4ACD75}.Debug|Any CPU.ActiveCfg = Debug|Any CPU
		{AE954939-40EB-481E-BAFD-70DD2E4ACD75}.Debug|Any CPU.Build.0 = Debug|Any CPU
		{AE954939-40EB-481E-BAFD-70DD2E4ACD75}.Release|Any CPU.ActiveCfg = Release|Any CPU
		{AE954939-40EB-481E-BAFD-70DD2E4ACD75}.Release|Any CPU.Build.0 = Release|Any CPU
		{B573A267-B3DF-483E-9319-5668676785CA}.Debug|Any CPU.ActiveCfg = Debug|Any CPU
		{B573A267-B3DF-483E-9319-5668676785CA}.Debug|Any CPU.Build.0 = Debug|Any CPU
		{B573A267-B3DF-483E-9319-5668676785CA}.Release|Any CPU.ActiveCfg = Release|Any CPU
		{B573A267-B3DF-483E-9319-5668676785CA}.Release|Any CPU.Build.0 = Release|Any CPU
	EndGlobalSection
	GlobalSection(SolutionProperties) = preSolution
		HideSolutionNode = FALSE
	EndGlobalSection
	GlobalSection(ExtensibilityGlobals) = postSolution
		SolutionGuid = {142D24A9-2450-4EDD-9398-B77BE638D2D8}
	EndGlobalSection
EndGlobal
